
Microsoft Visual Studio Solution File, Format Version 12.00
# Visual Studio Version 16
VisualStudioVersion = 16.0.30503.244
MinimumVisualStudioVersion = 10.0.40219.1
Project("{FAE04EC0-301F-11D3-BF4B-00C04F79EFBC}") = "Collator", "Collator\Collator.csproj", "{D335FF19-0F3F-4243-A65A-C9C675CFA85A}"
EndProject
Project("{FAE04EC0-301F-11D3-BF4B-00C04F79EFBC}") = "Demo", "Demo\Demo.csproj", "{6C390D0A-B952-4403-9AC7-FFC0A9C9E6C1}"
EndProject
Project("{FAE04EC0-301F-11D3-BF4B-00C04F79EFBC}") = "AppDemo", "AppDemo\AppDemo.csproj", "{CD18EB3B-E26E-4060-8B91-2EFE59EBCF0D}"
EndProject
Project("{FAE04EC0-301F-11D3-BF4B-00C04F79EFBC}") = "DemoCol", "DemoCol\DemoCol.csproj", "{9AA05997-1F14-490A-A34B-04F119A85048}"
EndProject
Global
	GlobalSection(SolutionConfigurationPlatforms) = preSolution
		Debug|Any CPU = Debug|Any CPU
		Release|Any CPU = Release|Any CPU
	EndGlobalSection
	GlobalSection(ProjectConfigurationPlatforms) = postSolution
		{D335FF19-0F3F-4243-A65A-C9C675CFA85A}.Debug|Any CPU.ActiveCfg = Debug|Any CPU
		{D335FF19-0F3F-4243-A65A-C9C675CFA85A}.Debug|Any CPU.Build.0 = Debug|Any CPU
		{D335FF19-0F3F-4243-A65A-C9C675CFA85A}.Release|Any CPU.ActiveCfg = Release|Any CPU
		{D335FF19-0F3F-4243-A65A-C9C675CFA85A}.Release|Any CPU.Build.0 = Release|Any CPU
		{6C390D0A-B952-4403-9AC7-FFC0A9C9E6C1}.Debug|Any CPU.ActiveCfg = Debug|Any CPU
		{6C390D0A-B952-4403-9AC7-FFC0A9C9E6C1}.Debug|Any CPU.Build.0 = Debug|Any CPU
		{6C390D0A-B952-4403-9AC7-FFC0A9C9E6C1}.Release|Any CPU.ActiveCfg = Release|Any CPU
		{6C390D0A-B952-4403-9AC7-FFC0A9C9E6C1}.Release|Any CPU.Build.0 = Release|Any CPU
		{CD18EB3B-E26E-4060-8B91-2EFE59EBCF0D}.Debug|Any CPU.ActiveCfg = Debug|Any CPU
		{CD18EB3B-E26E-4060-8B91-2EFE59EBCF0D}.Debug|Any CPU.Build.0 = Debug|Any CPU
		{CD18EB3B-E26E-4060-8B91-2EFE59EBCF0D}.Release|Any CPU.ActiveCfg = Release|Any CPU
		{CD18EB3B-E26E-4060-8B91-2EFE59EBCF0D}.Release|Any CPU.Build.0 = Release|Any CPU
		{9AA05997-1F14-490A-A34B-04F119A85048}.Debug|Any CPU.ActiveCfg = Debug|Any CPU
		{9AA05997-1F14-490A-A34B-04F119A85048}.Debug|Any CPU.Build.0 = Debug|Any CPU
		{9AA05997-1F14-490A-A34B-04F119A85048}.Release|Any CPU.ActiveCfg = Release|Any CPU
		{9AA05997-1F14-490A-A34B-04F119A85048}.Release|Any CPU.Build.0 = Release|Any CPU
	EndGlobalSection
	GlobalSection(SolutionProperties) = preSolution
		HideSolutionNode = FALSE
	EndGlobalSection
	GlobalSection(ExtensibilityGlobals) = postSolution
		SolutionGuid = {CDA59850-1D86-4242-AB7C-B65EF2F7AD37}
	EndGlobalSection
EndGlobal
